Microsoft Visual Studio Solution File, Format Version 12.00
# Visual Studio Version 17
VisualStudioVersion = 17.5.2.0
MinimumVisualStudioVersion = 10.0.40219.1
Project("{FAE04EC0-301F-11D3-BF4B-00C04F79EFBC}") = "Minimal.Api", "src\Minimal.Api\Minimal.Api.csproj", "{F4093985-96E7-B6C7-2554-51D1453EF7F7}"
EndProject
Project("{2150E333-8FDC-42A3-9474-1A3956D46DE8}") = "src", "src", "{973913BD-FDD1-4D11-86E3-1BFA6468E216}"
	ProjectSection(SolutionItems) = preProject
	EndProjectSection
EndProject
Project("{FAE04EC0-301F-11D3-BF4B-00C04F79EFBC}") = "Minimal.Domain", "src\Minimal.Domain\Minimal.Domain.csproj", "{7EF082A8-C037-4B8D-AA7C-93B424AC6203}"
EndProject
Project("{FAE04EC0-301F-11D3-BF4B-00C04F79EFBC}") = "Minimal.Features", "src\Minimal.Features\Minimal.Features.csproj", "{DA5ACC4A-0912-4DCB-B52C-698087C3C62C}"
EndProject
Project("{FAE04EC0-301F-11D3-BF4B-00C04F79EFBC}") = "Minimal.Infra.Data", "src\Minimal.Infra.Data\Minimal.Infra.Data.csproj", "{2CEB1CF2-F240-4627-8A0C-27DB1D7B6724}"
EndProject
Global
	GlobalSection(SolutionConfigurationPlatforms) = preSolution
		Debug|Any CPU = Debug|Any CPU
		Release|Any CPU = Release|Any CPU
	EndGlobalSection
	GlobalSection(ProjectConfigurationPlatforms) = postSolution
		{F4093985-96E7-B6C7-2554-51D1453EF7F7}.Debug|Any CPU.ActiveCfg = Debug|Any CPU
		{F4093985-96E7-B6C7-2554-51D1453EF7F7}.Debug|Any CPU.Build.0 = Debug|Any CPU
		{F4093985-96E7-B6C7-2554-51D1453EF7F7}.Release|Any CPU.ActiveCfg = Release|Any CPU
		{F4093985-96E7-B6C7-2554-51D1453EF7F7}.Release|Any CPU.Build.0 = Release|Any CPU
		{7EF082A8-C037-4B8D-AA7C-93B424AC6203}.Debug|Any CPU.ActiveCfg = Debug|Any CPU
		{7EF082A8-C037-4B8D-AA7C-93B424AC6203}.Debug|Any CPU.Build.0 = Debug|Any CPU
		{7EF082A8-C037-4B8D-AA7C-93B424AC6203}.Release|Any CPU.ActiveCfg = Release|Any CPU
		{7EF082A8-C037-4B8D-AA7C-93B424AC6203}.Release|Any CPU.Build.0 = Release|Any CPU
		{DA5ACC4A-0912-4DCB-B52C-698087C3C62C}.Debug|Any CPU.ActiveCfg = Debug|Any CPU
		{DA5ACC4A-0912-4DCB-B52C-698087C3C62C}.Debug|Any CPU.Build.0 = Debug|Any CPU
		{DA5ACC4A-0912-4DCB-B52C-698087C3C62C}.Release|Any CPU.ActiveCfg = Release|Any CPU
		{DA5ACC4A-0912-4DCB-B52C-698087C3C62C}.Release|Any CPU.Build.0 = Release|Any CPU
		{2CEB1CF2-F240-4627-8A0C-27DB1D7B6724}.Debug|Any CPU.ActiveCfg = Debug|Any CPU
		{2CEB1CF2-F240-4627-8A0C-27DB1D7B6724}.Debug|Any CPU.Build.0 = Debug|Any CPU
		{2CEB1CF2-F240-4627-8A0C-27DB1D7B6724}.Release|Any CPU.ActiveCfg = Release|Any CPU
		{2CEB1CF2-F240-4627-8A0C-27DB1D7B6724}.Release|Any CPU.Build.0 = Release|Any CPU
	EndGlobalSection
	GlobalSection(SolutionProperties) = preSolution
		HideSolutionNode = FALSE
	EndGlobalSection
	GlobalSection(ExtensibilityGlobals) = postSolution
		SolutionGuid = {F21A12AB-2F7E-4FB9-9F20-6C0D87830E07}
	EndGlobalSection
	GlobalSection(NestedProjects) = preSolution
		{F4093985-96E7-B6C7-2554-51D1453EF7F7} = {973913BD-FDD1-4D11-86E3-1BFA6468E216}
		{7EF082A8-C037-4B8D-AA7C-93B424AC6203} = {973913BD-FDD1-4D11-86E3-1BFA6468E216}
		{DA5ACC4A-0912-4DCB-B52C-698087C3C62C} = {973913BD-FDD1-4D11-86E3-1BFA6468E216}
		{2CEB1CF2-F240-4627-8A0C-27DB1D7B6724} = {973913BD-FDD1-4D11-86E3-1BFA6468E216}
	EndGlobalSection
EndGlobal
